# THIS IS AN AUTOGENERATED FILE. DO NOT EDIT THIS FILE DIRECTLY.
# yarn lockfile v1


"@bufbuild/protobuf@^1.10.1":
  version "1.10.1"
  resolved "https://registry.npmjs.org/@bufbuild/protobuf/-/protobuf-1.10.1.tgz"
  integrity sha512-wJ8ReQbHxsAfXhrf9ixl0aYbZorRuOWpBNzm8pL8ftmSxQx/wnJD5Eg861NwJU/czy2VXFIebCeZnZrI9rktIQ==

"@bufbuild/protobuf@^1.2.1":
  version "1.10.1"
  resolved "https://registry.npmjs.org/@bufbuild/protobuf/-/protobuf-1.10.1.tgz"
  integrity sha512-wJ8ReQbHxsAfXhrf9ixl0aYbZorRuOWpBNzm8pL8ftmSxQx/wnJD5Eg861NwJU/czy2VXFIebCeZnZrI9rktIQ==

"@bufbuild/protobuf@^2.2.0", "@bufbuild/protobuf@^2.6.0":
  version "2.6.0"
  resolved "https://registry.npmjs.org/@bufbuild/protobuf/-/protobuf-2.6.0.tgz"
  integrity sha512-6cuonJVNOIL7lTj5zgo/Rc2bKAo4/GvN+rKCrUj7GdEHRzCk8zKOfFwUsL9nAVk5rSIsRmlgcpLzTRysopEeeg==

"@bufbuild/protobuf@1.10.1":
  version "1.10.1"
  resolved "https://registry.npmjs.org/@bufbuild/protobuf/-/protobuf-1.10.1.tgz"
  integrity sha512-wJ8ReQbHxsAfXhrf9ixl0aYbZorRuOWpBNzm8pL8ftmSxQx/wnJD5Eg861NwJU/czy2VXFIebCeZnZrI9rktIQ==

"@bufbuild/protoc-gen-connect-es@^0.13.0":
  version "0.13.0"
  resolved "https://registry.npmjs.org/@bufbuild/protoc-gen-connect-es/-/protoc-gen-connect-es-0.13.0.tgz"
  integrity sha512-4HbxWQ799ZLszJJIJsuVMFwkBx8DJ4VEhNDNtKpPJFsTdVUOp1LyFGY66Yjfj9vcuOeH44bS0ALE5pRP3rCxXA==
  dependencies:
    "@bufbuild/protobuf" "^1.2.1"
    "@bufbuild/protoplugin" "^1.2.1"

"@bufbuild/protoc-gen-es@^1.10.1", "@bufbuild/protoc-gen-es@^1.2.1":
  version "1.10.1"
  resolved "https://registry.npmjs.org/@bufbuild/protoc-gen-es/-/protoc-gen-es-1.10.1.tgz"
  integrity sha512-YADugbvibIdZSb0NGf5OF87IyKTuMvMFZ7vMHgm6pL1SCfDwJ/ZRianTdrPG9hq/gOipK+NwHmXBViyS3J7nxA==
  dependencies:
    "@bufbuild/protobuf" "^1.10.1"
    "@bufbuild/protoplugin" "1.10.1"

"@bufbuild/protoplugin@^1.2.1", "@bufbuild/protoplugin@1.10.1":
  version "1.10.1"
  resolved "https://registry.npmjs.org/@bufbuild/protoplugin/-/protoplugin-1.10.1.tgz"
  integrity sha512-LaSbfwabAFIvbVnbn8jWwElRoffCIxhVraO8arliVwWupWezHLXgqPHEYLXZY/SsAR+/YsFBQJa8tAGtNPJyaQ==
  dependencies:
    "@bufbuild/protobuf" "1.10.1"
    "@typescript/vfs" "^1.4.0"
    typescript "4.5.2"

"@connectrpc/connect-web@^2.0.2":
  version "2.0.2"
  resolved "https://registry.npmjs.org/@connectrpc/connect-web/-/connect-web-2.0.2.tgz"
  integrity sha512-QANMFPiL2o66BdBEctg4TsQLe5ozsBLqcle3dCBp7BwGlNGTY6NnNnqmt+YRnpeMW88GgomJwWNMGCrRD9pRKA==

"@connectrpc/connect@^2.0.2", "@connectrpc/connect@2.0.2":
  version "2.0.2"
  resolved "https://registry.npmjs.org/@connectrpc/connect/-/connect-2.0.2.tgz"
  integrity sha512-xZuylIUNvNlH52e/4eQsZvY4QZyDJRtEFEDnn/yBrv5Xi5ZZI/p8X+GAHH35ucVaBvv9u7OzHZo8+tEh1EFTxA==

"@typescript/vfs@^1.4.0":
  version "1.6.1"
  resolved "https://registry.npmjs.org/@typescript/vfs/-/vfs-1.6.1.tgz"
  integrity sha512-JwoxboBh7Oz1v38tPbkrZ62ZXNHAk9bJ7c9x0eI5zBfBnBYGhURdbnh7Z4smN/MV48Y5OCcZb58n972UtbazsA==
  dependencies:
    debug "^4.1.1"

debug@^4.1.1:
  version "4.4.1"
  resolved "https://registry.npmjs.org/debug/-/debug-4.4.1.tgz"
  integrity sha512-KcKCqiftBJcZr++7ykoDIEwSa3XWowTfNPo92BYxjXiyYEVrUQh2aLyhxBCwww+heortUFxEJYcRzosstTEBYQ==
  dependencies:
    ms "^2.1.3"

ms@^2.1.3:
  version "2.1.3"
  resolved "https://registry.npmjs.org/ms/-/ms-2.1.3.tgz"
  integrity sha512-6FlzubTLZG3J2a/NVCAleEhjzq5oxgHyaCU9yYXvcLsvoVaHJq/s5xXI6/XXP6tz7R9xAOtHnSO/tXtF3WRTlA==

typescript@*, typescript@^5.8.3:
  version "5.8.3"
  resolved "https://registry.npmjs.org/typescript/-/typescript-5.8.3.tgz"
  integrity sha512-p1diW6TqL9L07nNxvRMM7hMMw4c5XOo/1ibL4aAIGmSAt9slTE1Xgw5KWuof2uTOvCg9BY7ZRi+GaF+7sfgPeQ==

typescript@4.5.2:
  version "4.5.2"
  resolved "https://registry.npmjs.org/typescript/-/typescript-4.5.2.tgz"
  integrity sha512-5BlMof9H1yGt0P8/WF+wPNw6GfctgGjXp5hkblpyT+8rkASSmkUKMXrxR0Xg8ThVCi/JnHQiKXeBaEwCeQwMFw==
